Microsoft Visual Studio Solution File, Format Version 12.00
# Visual Studio Version 17
VisualStudioVersion = 17.5.2.0
MinimumVisualStudioVersion = 10.0.40219.1
Project("{FAE04EC0-301F-11D3-BF4B-00C04F79EFBC}") = "Nyttprojekt", "Nyttprojekt.csproj", "{116D40B7-E771-44B2-A022-D2DD9BD415CC}"
EndProject
Global
	GlobalSection(SolutionConfigurationPlatforms) = preSolution
		Debug|Any CPU = Debug|Any CPU
		Release|Any CPU = Release|Any CPU
	EndGlobalSection
	GlobalSection(ProjectConfigurationPlatforms) = postSolution
		{116D40B7-E771-44B2-A022-D2DD9BD415CC}.Debug|Any CPU.ActiveCfg = Debug|Any CPU
		{116D40B7-E771-44B2-A022-D2DD9BD415CC}.Debug|Any CPU.Build.0 = Debug|Any CPU
		{116D40B7-E771-44B2-A022-D2DD9BD415CC}.Release|Any CPU.ActiveCfg = Release|Any CPU
		{116D40B7-E771-44B2-A022-D2DD9BD415CC}.Release|Any CPU.Build.0 = Release|Any CPU
	EndGlobalSection
	GlobalSection(SolutionProperties) = preSolution
		HideSolutionNode = FALSE
	EndGlobalSection
	GlobalSection(ExtensibilityGlobals) = postSolution
		SolutionGuid = {C7BA5A84-304A-463A-941C-E8F4E7BE1971}
	EndGlobalSection
EndGlobal
